{
  "nodes": {
    "crane": {
      "locked": {
        "lastModified": 1765145449,
        "narHash": "sha256-aBVHGWWRzSpfL++LubA0CwOOQ64WNLegrYHwsVuVN7A=",
        "owner": "ipetkov",
        "repo": "crane",
        "rev": "69f538cdce5955fcd47abfed4395dc6d5194c1c5",
        "type": "github"
      },
      "original": {
        "owner": "ipetkov",
        "repo": "crane",
        "type": "github"
      }
    },
    "flake-compat": {
      "flake": false,
      "locked": {
        "lastModified": 1761588595,
        "narHash": "sha256-XKUZz9zewJNUj46b4AJdiRZJAvSZ0Dqj2BNfXvFlJC4=",
        "owner": "edolstra",
        "repo": "flake-compat",
        "rev": "f387cd2afec9419c8ee37694406ca490c3f34ee5",
        "type": "github"
      },
      "original": {
        "owner": "edolstra",
        "repo": "flake-compat",
        "type": "github"
      }
    },
    "flake-utils": {
      "inputs": {
        "systems": "systems"
      },
      "locked": {
        "lastModified": 1731533236,
        "narHash": "sha256-l0KFg5HjrsfsO/JpG+r7fRrqm12kzFHyUHqHCVpMMbI=",
        "owner": "numtide",
        "repo": "flake-utils",
        "rev": "11707dc2f618dd54ca8739b309ec4fc024de578b",
        "type": "github"
      },
      "original": {
        "owner": "numtide",
        "repo": "flake-utils",
        "type": "github"
      }
    },
    "gitignore": {
      "inputs": {
        "nixpkgs": [
          "lanzaboote",
          "pre-commit",
          "nixpkgs"
        ]
      },
      "locked": {
        "lastModified": 1709087332,
        "narHash": "sha256-HG2cCnktfHsKV0s4XW83gU3F57gaTljL9KNSuG6bnQs=",
        "owner": "hercules-ci",
        "repo": "gitignore.nix",
        "rev": "637db329424fd7e46cf4185293b9cc8c88c95394",
        "type": "github"
      },
      "original": {
        "owner": "hercules-ci",
        "repo": "gitignore.nix",
        "type": "github"
      }
    },
    "home-manager": {
      "inputs": {
        "nixpkgs": "nixpkgs"
      },
      "locked": {
        "lastModified": 1770491427,
        "narHash": "sha256-8b+0vixdqGnIIcgsPhjdX7EGPdzcVQqYxF+ujjex654=",
        "owner": "nix-community",
        "repo": "home-manager",
        "rev": "cbd8a72e5fe6af19d40e2741dc440d9227836860",
        "type": "github"
      },
      "original": {
        "owner": "nix-community",
        "repo": "home-manager",
        "type": "github"
      }
    },
    "hyprKCS": {
      "inputs": {
        "nixpkgs": "nixpkgs_2"
      },
      "locked": {
        "lastModified": 1770453404,
        "narHash": "sha256-cXzhWdWGhkRZfpw5r2SOvGz45eRhAGkvlOl31eB6qrU=",
        "owner": "kosa12",
        "repo": "hyprKCS",
        "rev": "4ac27e9db262047c24da44a60061b1da00f2ff0b",
        "type": "github"
      },
      "original": {
        "owner": "kosa12",
        "repo": "hyprKCS",
        "type": "github"
      }
    },
    "lanzaboote": {
      "inputs": {
        "crane": "crane",
        "nixpkgs": [
          "nixpkgs"
        ],
        "pre-commit": "pre-commit",
        "rust-overlay": "rust-overlay"
      },
      "locked": {
        "lastModified": 1765382359,
        "narHash": "sha256-RJmgVDzjRI18BWVogG6wpsl1UCuV6ui8qr4DJ1LfWZ8=",
        "owner": "nix-community",
        "repo": "lanzaboote",
        "rev": "e8c096ade12ec9130ff931b0f0e25d2f1bc63607",
        "type": "github"
      },
      "original": {
        "owner": "nix-community",
        "ref": "v1.0.0",
        "repo": "lanzaboote",
        "type": "github"
      }
    },
    "nixmate": {
      "inputs": {
        "flake-utils": "flake-utils",
        "nixpkgs": "nixpkgs_3",
        "rust-overlay": "rust-overlay_2"
      },
      "locked": {
        "lastModified": 1770757353,
        "narHash": "sha256-u8lSQe2z961yTbzm9K/nHV5AvjUps8Y8k+ZYvJ6qaWg=",
        "owner": "daskladas",
        "repo": "nixmate",
        "rev": "7bb722d3a4d198d3b9403dea2ed7e953b5b82663",
        "type": "github"
      },
      "original": {
        "owner": "daskladas",
        "repo": "nixmate",
        "type": "github"
      }
    },
    "nixpkgs": {
      "locked": {
        "lastModified": 1770115704,
        "narHash": "sha256-KHFT9UWOF2yRPlAnSXQJh6uVcgNcWlFqqiAZ7OVlHNc=",
        "owner": "NixOS",
        "repo": "nixpkgs",
        "rev": "e6eae2ee2110f3d31110d5c222cd395303343b08",
        "type": "github"
      },
      "original": {
        "owner": "NixOS",
        "ref": "nixos-unstable",
        "repo": "nixpkgs",
        "type": "github"
      }
    },
    "nixpkgs_2": {
      "locked": {
        "lastModified": 1767767207,
        "narHash": "sha256-Mj3d3PfwltLmukFal5i3fFt27L6NiKXdBezC1EBuZs4=",
        "owner": "NixOS",
        "repo": "nixpkgs",
        "rev": "5912c1772a44e31bf1c63c0390b90501e5026886",
        "type": "github"
      },
      "original": {
        "owner": "NixOS",
        "ref": "nixos-unstable",
        "repo": "nixpkgs",
        "type": "github"
      }
    },
    "nixpkgs_3": {
      "locked": {
        "lastModified": 1770562336,
        "narHash": "sha256-ub1gpAONMFsT/GU2hV6ZWJjur8rJ6kKxdm9IlCT0j84=",
        "owner": "NixOS",
        "repo": "nixpkgs",
        "rev": "d6c71932130818840fc8fe9509cf50be8c64634f",
        "type": "github"
      },
      "original": {
        "owner": "NixOS",
        "ref": "nixos-unstable",
        "repo": "nixpkgs",
        "type": "github"
      }
    },
    "nixpkgs_4": {
      "locked": {
        "lastModified": 1770841267,
        "narHash": "sha256-9xejG0KoqsoKEGp2kVbXRlEYtFFcDTHjidiuX8hGO44=",
        "owner": "NixOS",
        "repo": "nixpkgs",
        "rev": "ec7c70d12ce2fc37cb92aff673dcdca89d187bae",
        "type": "github"
      },
      "original": {
        "owner": "NixOS",
        "ref": "nixos-unstable",
        "repo": "nixpkgs",
        "type": "github"
      }
    },
    "pre-commit": {
      "inputs": {
        "flake-compat": "flake-compat",
        "gitignore": "gitignore",
        "nixpkgs": [
          "lanzaboote",
          "nixpkgs"
        ]
      },
      "locked": {
        "lastModified": 1765016596,
        "narHash": "sha256-rhSqPNxDVow7OQKi4qS5H8Au0P4S3AYbawBSmJNUtBQ=",
        "owner": "cachix",
        "repo": "pre-commit-hooks.nix",
        "rev": "548fc44fca28a5e81c5d6b846e555e6b9c2a5a3c",
        "type": "github"
      },
      "original": {
        "owner": "cachix",
        "repo": "pre-commit-hooks.nix",
        "type": "github"
      }
    },
    "root": {
      "inputs": {
        "home-manager": "home-manager",
        "hyprKCS": "hyprKCS",
        "lanzaboote": "lanzaboote",
        "nixmate": "nixmate",
        "nixpkgs": "nixpkgs_4"
      }
    },
    "rust-overlay": {
      "inputs": {
        "nixpkgs": [
          "lanzaboote",
          "nixpkgs"
        ]
      },
      "locked": {
        "lastModified": 1765075567,
        "narHash": "sha256-KFDCdQcHJ0hE3Nt5Gm5enRIhmtEifAjpxgUQ3mzSJpA=",
        "owner": "oxalica",
        "repo": "rust-overlay",
        "rev": "769156779b41e8787a46ca3d7d76443aaf68be6f",
        "type": "github"
      },
      "original": {
        "owner": "oxalica",
        "repo": "rust-overlay",
        "type": "github"
      }
    },
    "rust-overlay_2": {
      "inputs": {
        "nixpkgs": [
          "nixmate",
          "nixpkgs"
        ]
      },
      "locked": {
        "lastModified": 1770606655,
        "narHash": "sha256-rpJf+kxvLWv32ivcgu8d+JeJooog3boJCT8J3joJvvM=",
        "owner": "oxalica",
        "repo": "rust-overlay",
        "rev": "11a396520bf911e4ed01e78e11633d3fc63b350e",
        "type": "github"
      },
      "original": {
        "owner": "oxalica",
        "repo": "rust-overlay",
        "type": "github"
      }
    },
    "systems": {
      "locked": {
        "lastModified": 1681028828,
        "narHash": "sha256-Vy1rq5AaRuLzOxct8nz4T6wlgyUR7zLU309k9mBC768=",
        "owner": "nix-systems",
        "repo": "default",
        "rev": "da67096a3b9bf56a91d16901293e51ba5b49a27e",
        "type": "github"
      },
      "original": {
        "owner": "nix-systems",
        "repo": "default",
        "type": "github"
      }
    }
  },
  "root": "root",
  "version": 7
}
